{
  "name": "scene",
  "version": "0.0.0",
  "lockfileVersion": 3,
  "requires": true,
  "packages": {
    "": {
      "name": "scene",
      "version": "0.0.0",
      "dependencies": {
        "enable3d": "^0.25.4"
      }
    },
    "node_modules/@enable3d/ammo-physics": {
      "version": "0.25.4",
      "resolved": "https://registry.npmjs.org/@enable3d/ammo-physics/-/ammo-physics-0.25.4.tgz",
      "integrity": "sha512-LQ67LE6eUxepFFUx6R0v7hPOE0UYWE5amnbaUzirzp4R9hkVmQb3ZFCjc1M3yg8ZAzuYAe/LSlmeU3VaKxpXpw==",
      "dependencies": {
        "@enable3d/common": "^0.25.4",
        "@enable3d/three-wrapper": "^0.25.4",
        "@yandeu/events": "0.0.5"
      },
      "funding": {
        "url": "https://github.com/sponsors/yandeu"
      },
      "peerDependencies": {
        "@types/three": "0.156.0",
        "three": "0.156.1"
      }
    },
    "node_modules/@enable3d/common": {
      "version": "0.25.4",
      "resolved": "https://registry.npmjs.org/@enable3d/common/-/common-0.25.4.tgz",
      "integrity": "sha512-71IlGeQ/7gf7REfghgqdvaCPEiPXB6B5QkUKRs9Xqpl2m+ZsQXo2wdYsJOz0wXsSeydafGpIaDyOOB9d02RhDA==",
      "dependencies": {
        "@enable3d/three-wrapper": "^0.25.4",
        "@yandeu/events": "0.0.5"
      },
      "funding": {
        "url": "https://github.com/sponsors/yandeu"
      }
    },
    "node_modules/@enable3d/three-graphics": {
      "version": "0.25.4",
      "resolved": "https://registry.npmjs.org/@enable3d/three-graphics/-/three-graphics-0.25.4.tgz",
      "integrity": "sha512-eOPAmtfQ8ioHda/G13BcnkcXi54L4wwUEOVCyCp8FsgIfh7xkZZSuJHZkJkkZmL1i/NmhESvz/UwNlLVW/KNGw==",
      "dependencies": {
        "@enable3d/ammo-physics": "^0.25.4",
        "@enable3d/common": "^0.25.4",
        "@enable3d/three-wrapper": "^0.25.4",
        "@yandeu/events": "0.0.5",
        "@yandeu/tap": "0.0.3",
        "three-csg-ts": "^3.1.10"
      },
      "funding": {
        "url": "https://github.com/sponsors/yandeu"
      },
      "peerDependencies": {
        "@types/matter-js": "0.17.6",
        "@types/three": "0.156.0",
        "matter-js": "0.17.1",
        "poly-decomp": "^0.3.0",
        "three": "0.156.1"
      }
    },
    "node_modules/@enable3d/three-wrapper": {
      "version": "0.25.4",
      "resolved": "https://registry.npmjs.org/@enable3d/three-wrapper/-/three-wrapper-0.25.4.tgz",
      "integrity": "sha512-B0Xo+jlpWH/R2H2Btn6jIRFqxOLo75RLEnMVlEXI4OSGLUdh1sDLQq3TxvbPQMysK9nhC92odrePjHP6HyhT6Q==",
      "funding": {
        "url": "https://github.com/sponsors/yandeu"
      },
      "peerDependencies": {
        "@types/three": "0.156.0",
        "three": "0.156.1"
      }
    },
    "node_modules/@types/matter-js": {
      "version": "0.17.6",
      "resolved": "https://registry.npmjs.org/@types/matter-js/-/matter-js-0.17.6.tgz",
      "integrity": "sha512-i6WLNuM7/89SLqO2aOyaUkom9tc3B/qo4ekh7BD99xQ8+wOVVZO0F4RzKNYZCaFwr+xp3pK3oIb6sSVjLpz+pA==",
      "peer": true
    },
    "node_modules/@types/stats.js": {
      "version": "0.17.3",
      "resolved": "https://registry.npmjs.org/@types/stats.js/-/stats.js-0.17.3.tgz",
      "integrity": "sha512-pXNfAD3KHOdif9EQXZ9deK82HVNaXP5ZIF5RP2QG6OQFNTaY2YIetfrE9t528vEreGQvEPRDDc8muaoYeK0SxQ==",
      "peer": true
    },
    "node_modules/@types/three": {
      "version": "0.156.0",
      "resolved": "https://registry.npmjs.org/@types/three/-/three-0.156.0.tgz",
      "integrity": "sha512-733bXDSRdlrxqOmQuOmfC1UBRuJ2pREPk8sWnx9MtIJEVDQMx8U0NQO5MVVaOrjzDPyLI+cFPim2X/ss9v0+LQ==",
      "peer": true,
      "dependencies": {
        "@types/stats.js": "*",
        "@types/webxr": "*",
        "fflate": "~0.6.10",
        "meshoptimizer": "~0.18.1"
      }
    },
    "node_modules/@types/webxr": {
      "version": "0.5.13",
      "resolved": "https://registry.npmjs.org/@types/webxr/-/webxr-0.5.13.tgz",
      "integrity": "sha512-Hi4K3aTEoaa31Cep75AA9wK5q2iZgC1L70serPbI11L4YieoZpu5LvLr6FZXyIdqkkGPh1WMuDf6oSPHJXBkoA==",
      "peer": true
    },
    "node_modules/@yandeu/events": {
      "version": "0.0.5",
      "resolved": "https://registry.npmjs.org/@yandeu/events/-/events-0.0.5.tgz",
      "integrity": "sha512-TUkghSGu0ThcEyAP50WHU/vdQkpt9EZyotjZzG8KirR+VI5o7Rp5wabcGru62JNy+awMR8Voy+kFzhNkC/1E6A==",
      "funding": {
        "url": "https://github.com/sponsors/yandeu"
      }
    },
    "node_modules/@yandeu/tap": {
      "version": "0.0.3",
      "resolved": "https://registry.npmjs.org/@yandeu/tap/-/tap-0.0.3.tgz",
      "integrity": "sha512-GIStEHmboHVbs6ghcRxkO5NVdZtRCsf1mkKI0gvzc21uj5qGlGSCD/Eaax98/c6Mu9+n2lkTYbTwuBbg2vzuQw==",
      "dependencies": {
        "@yandeu/events": "0.0.5"
      },
      "funding": {
        "url": "https://github.com/sponsors/yandeu"
      }
    },
    "node_modules/enable3d": {
      "version": "0.25.4",
      "resolved": "https://registry.npmjs.org/enable3d/-/enable3d-0.25.4.tgz",
      "integrity": "sha512-mI3ptNEBzcFlpKXPpkJAUzZMFvk6RjV5ydFichTbd8RzOHD1+yblOWN2z9qKjblPVyA83b5D5+nW4NT0LsdUAQ==",
      "dependencies": {
        "@enable3d/ammo-physics": "^0.25.4",
        "@enable3d/common": "^0.25.4",
        "@enable3d/three-graphics": "^0.25.4",
        "@enable3d/three-wrapper": "^0.25.4"
      },
      "funding": {
        "url": "https://github.com/sponsors/yandeu"
      }
    },
    "node_modules/fflate": {
      "version": "0.6.10",
      "resolved": "https://registry.npmjs.org/fflate/-/fflate-0.6.10.tgz",
      "integrity": "sha512-IQrh3lEPM93wVCEczc9SaAOvkmcoQn/G8Bo1e8ZPlY3X3bnAxWaBdvTdvM1hP62iZp0BXWDy4vTAy4fF0+Dlpg==",
      "peer": true
    },
    "node_modules/matter-js": {
      "version": "0.17.1",
      "resolved": "https://registry.npmjs.org/matter-js/-/matter-js-0.17.1.tgz",
      "integrity": "sha512-pSquoENJgvSAlQGcA0s5UkmEohGXZaUww2g3B6qG87x0iEcVf+aigMXn5UkFPdnh6w3B+C4vXSLaYqhHwKrOLA==",
      "peer": true
    },
    "node_modules/meshoptimizer": {
      "version": "0.18.1",
      "resolved": "https://registry.npmjs.org/meshoptimizer/-/meshoptimizer-0.18.1.tgz",
      "integrity": "sha512-ZhoIoL7TNV4s5B6+rx5mC//fw8/POGyNxS/DZyCJeiZ12ScLfVwRE/GfsxwiTkMYYD5DmK2/JXnEVXqL4rF+Sw==",
      "peer": true
    },
    "node_modules/poly-decomp": {
      "version": "0.3.0",
      "resolved": "https://registry.npmjs.org/poly-decomp/-/poly-decomp-0.3.0.tgz",
      "integrity": "sha512-hWeBxGzPYiybmI4548Fca7Up/0k1qS5+79cVHI9+H33dKya5YNb9hxl0ZnDaDgvrZSuYFBhkCK/HOnqN7gefkQ==",
      "peer": true,
      "engines": {
        "node": "*"
      }
    },
    "node_modules/three": {
      "version": "0.156.1",
      "resolved": "https://registry.npmjs.org/three/-/three-0.156.1.tgz",
      "integrity": "sha512-kP7H0FK9d/k6t/XvQ9FO6i+QrePoDcNhwl0I02+wmUJRNSLCUIDMcfObnzQvxb37/0Uc9TDT0T1HgsRRrO6SYQ==",
      "peer": true
    },
    "node_modules/three-csg-ts": {
      "version": "3.1.13",
      "resolved": "https://registry.npmjs.org/three-csg-ts/-/three-csg-ts-3.1.13.tgz",
      "integrity": "sha512-CzqE7NmXQimVh2cnG62/wbWWiRVg0TaGhBbn0Km9Zwt+ZUVN5rYhDf0y/XN52MyxPD5apdaeFJcCQcmhmA+o/Q==",
      "peerDependencies": {
        "@types/three": ">= 0.125.0",
        "three": ">= 0.125.0"
      }
    }
  }
}
